
Microsoft Visual Studio Solution File, Format Version 12.00
# Visual Studio Version 17
VisualStudioVersion = 17.9.34622.214
MinimumVisualStudioVersion = 10.0.40219.1
Project("{FAE04EC0-301F-11D3-BF4B-00C04F79EFBC}") = "EiSys.CleanArchitecture.DomainLayer", "src\EiSys.CleanArchitecture.DomainLayer\EiSys.CleanArchitecture.DomainLayer.csproj", "{D76E3D70-5906-4778-ABAE-83780D56754B}"
EndProject
Project("{FAE04EC0-301F-11D3-BF4B-00C04F79EFBC}") = "EiSys.CleanArchitecture.ApplicationLayer", "src\EiSys.CleanArchitecture.ApplicationLayer\EiSys.CleanArchitecture.ApplicationLayer.csproj", "{474C44F9-5225-496E-AA66-A983696ACD66}"
EndProject
Project("{FAE04EC0-301F-11D3-BF4B-00C04F79EFBC}") = "EiSys.CleanArchitecture.InfrastructureLayer", "src\EiSys.CleanArchitecture.InfrastructureLayer\EiSys.CleanArchitecture.InfrastructureLayer.csproj", "{828C46C7-6C19-416A-8A1D-A8A5DFF26231}"
EndProject
Project("{2150E333-8FDC-42A3-9474-1A3956D46DE8}") = "PresentationLayer", "PresentationLayer", "{46A2F752-1BA5-42EA-AE0C-E67AE265D099}"
EndProject
Project("{FAE04EC0-301F-11D3-BF4B-00C04F79EFBC}") = "EiSys.CleanArchitecture.WebAPI", "src\EiSys.CleanArchitecture.WebAPI\EiSys.CleanArchitecture.WebAPI.csproj", "{BD287A91-D26E-43C1-810C-962BE9DDA82A}"
EndProject
Project("{FAE04EC0-301F-11D3-BF4B-00C04F79EFBC}") = "EiSys.CleanArchitecture.WebAssembly", "EiSys.CleanArchitecture.WebAssembly\EiSys.CleanArchitecture.WebAssembly.csproj", "{48B9CCCB-9554-4B49-98FF-4A72DBCBE77A}"
EndProject
Global
	GlobalSection(SolutionConfigurationPlatforms) = preSolution
		Debug|Any CPU = Debug|Any CPU
		Release|Any CPU = Release|Any CPU
	EndGlobalSection
	GlobalSection(ProjectConfigurationPlatforms) = postSolution
		{D76E3D70-5906-4778-ABAE-83780D56754B}.Debug|Any CPU.ActiveCfg = Debug|Any CPU
		{D76E3D70-5906-4778-ABAE-83780D56754B}.Debug|Any CPU.Build.0 = Debug|Any CPU
		{D76E3D70-5906-4778-ABAE-83780D56754B}.Release|Any CPU.ActiveCfg = Release|Any CPU
		{D76E3D70-5906-4778-ABAE-83780D56754B}.Release|Any CPU.Build.0 = Release|Any CPU
		{474C44F9-5225-496E-AA66-A983696ACD66}.Debug|Any CPU.ActiveCfg = Debug|Any CPU
		{474C44F9-5225-496E-AA66-A983696ACD66}.Debug|Any CPU.Build.0 = Debug|Any CPU
		{474C44F9-5225-496E-AA66-A983696ACD66}.Release|Any CPU.ActiveCfg = Release|Any CPU
		{474C44F9-5225-496E-AA66-A983696ACD66}.Release|Any CPU.Build.0 = Release|Any CPU
		{828C46C7-6C19-416A-8A1D-A8A5DFF26231}.Debug|Any CPU.ActiveCfg = Debug|Any CPU
		{828C46C7-6C19-416A-8A1D-A8A5DFF26231}.Debug|Any CPU.Build.0 = Debug|Any CPU
		{828C46C7-6C19-416A-8A1D-A8A5DFF26231}.Release|Any CPU.ActiveCfg = Release|Any CPU
		{828C46C7-6C19-416A-8A1D-A8A5DFF26231}.Release|Any CPU.Build.0 = Release|Any CPU
		{BD287A91-D26E-43C1-810C-962BE9DDA82A}.Debug|Any CPU.ActiveCfg = Debug|Any CPU
		{BD287A91-D26E-43C1-810C-962BE9DDA82A}.Debug|Any CPU.Build.0 = Debug|Any CPU
		{BD287A91-D26E-43C1-810C-962BE9DDA82A}.Release|Any CPU.ActiveCfg = Release|Any CPU
		{BD287A91-D26E-43C1-810C-962BE9DDA82A}.Release|Any CPU.Build.0 = Release|Any CPU
		{48B9CCCB-9554-4B49-98FF-4A72DBCBE77A}.Debug|Any CPU.ActiveCfg = Debug|Any CPU
		{48B9CCCB-9554-4B49-98FF-4A72DBCBE77A}.Debug|Any CPU.Build.0 = Debug|Any CPU
		{48B9CCCB-9554-4B49-98FF-4A72DBCBE77A}.Release|Any CPU.ActiveCfg = Release|Any CPU
		{48B9CCCB-9554-4B49-98FF-4A72DBCBE77A}.Release|Any CPU.Build.0 = Release|Any CPU
	EndGlobalSection
	GlobalSection(SolutionProperties) = preSolution
		HideSolutionNode = FALSE
	EndGlobalSection
	GlobalSection(NestedProjects) = preSolution
		{BD287A91-D26E-43C1-810C-962BE9DDA82A} = {46A2F752-1BA5-42EA-AE0C-E67AE265D099}
		{48B9CCCB-9554-4B49-98FF-4A72DBCBE77A} = {46A2F752-1BA5-42EA-AE0C-E67AE265D099}
	EndGlobalSection
	GlobalSection(ExtensibilityGlobals) = postSolution
		SolutionGuid = {28E26A84-8F9C-4BBE-96F6-64C14AD53254}
	EndGlobalSection
EndGlobal
